
Microsoft Visual Studio Solution File, Format Version 12.00
# Visual Studio 2012
Project("{FAE04EC0-301F-11D3-BF4B-00C04F79EFBC}") = "TestHP", "TestHP\TestHP.csproj", "{6BBB1041-24FA-4A00-AC6E-FD35BD1EBFFA}"
EndProject
Global
	GlobalSection(SolutionConfigurationPlatforms) = preSolution
		Debug|Any CPU = Debug|Any CPU
		Release|Any CPU = Release|Any CPU
	EndGlobalSection
	GlobalSection(ProjectConfigurationPlatforms) = postSolution
		{6BBB1041-24FA-4A00-AC6E-FD35BD1EBFFA}.Debug|Any CPU.ActiveCfg = Debug|Any CPU
		{6BBB1041-24FA-4A00-AC6E-FD35BD1EBFFA}.Debug|Any CPU.Build.0 = Debug|Any CPU
		{6BBB1041-24FA-4A00-AC6E-FD35BD1EBFFA}.Release|Any CPU.ActiveCfg = Release|Any CPU
		{6BBB1041-24FA-4A00-AC6E-FD35BD1EBFFA}.Release|Any CPU.Build.0 = Release|Any CPU
	EndGlobalSection
	GlobalSection(SolutionProperties) = preSolution
		HideSolutionNode = FALSE
	EndGlobalSection
EndGlobal
